// !$*UTF8*$!
{
	archiveVersion = 1;
	classes = {
	};
	objectVersion = 56;
	objects = {

/* Begin PBXBuildFile section */
		0F0F18C72A7441A600EA2216 /* LocationManager.swift in Sources */ = {isa = PBXBuildFile; fileRef = BE86AE942980E8B200652BB5 /* LocationManager.swift */; };
		0F2AC1AF2B3DFE4600C4E92D /* PhotoGalleryDataManager.swift in Sources */ = {isa = PBXBuildFile; fileRef = 0F2AC1AE2B3DFE4600C4E92D /* PhotoGalleryDataManager.swift */; };
		0F2AC1B12B3DFEBF00C4E92D /* PhotoGalleryViewModel.swift in Sources */ = {isa = PBXBuildFile; fileRef = 0F2AC1B02B3DFEBF00C4E92D /* PhotoGalleryViewModel.swift */; };
		0F4465282B9AC80F0071AC84 /* StyledNavigationLink.swift in Sources */ = {isa = PBXBuildFile; fileRef = 0F4465272B9AC80F0071AC84 /* StyledNavigationLink.swift */; };
		0F8408572B910FD1003CEA19 /* ProgressView.swift in Sources */ = {isa = PBXBuildFile; fileRef = 0F8408562B910FD1003CEA19 /* ProgressView.swift */; };
		0F84085B2B91107B003CEA19 /* SettingsButtonView.swift in Sources */ = {isa = PBXBuildFile; fileRef = 0F84085A2B91107B003CEA19 /* SettingsButtonView.swift */; };
		0F853F422B928B1C00A2A275 /* TextAnnotationOverlayView.swift in Sources */ = {isa = PBXBuildFile; fileRef = 0F853F412B928B1C00A2A275 /* TextAnnotationOverlayView.swift */; };
		0F853F442B928C2400A2A275 /* TextInputOverlay.swift in Sources */ = {isa = PBXBuildFile; fileRef = 0F853F432B928C2400A2A275 /* TextInputOverlay.swift */; };
		0F853F462B928CA700A2A275 /* TextStylingBarView.swift in Sources */ = {isa = PBXBuildFile; fileRef = 0F853F452B928CA700A2A275 /* TextStylingBarView.swift */; };
		0F853F482B928F6900A2A275 /* ToolBarContentView.swift in Sources */ = {isa = PBXBuildFile; fileRef = 0F853F472B928F6900A2A275 /* ToolBarContentView.swift */; };
		0F853F4A2B92992100A2A275 /* InitialImageView.swift in Sources */ = {isa = PBXBuildFile; fileRef = 0F853F492B92992100A2A275 /* InitialImageView.swift */; };
		0F853F4C2B9299C700A2A275 /* FilteredImageView.swift in Sources */ = {isa = PBXBuildFile; fileRef = 0F853F4B2B9299C700A2A275 /* FilteredImageView.swift */; };
		0F853F4E2B929A0D00A2A275 /* SliderRow.swift in Sources */ = {isa = PBXBuildFile; fileRef = 0F853F4D2B929A0D00A2A275 /* SliderRow.swift */; };
		0F853F502B929A5700A2A275 /* PhotoContentView.swift in Sources */ = {isa = PBXBuildFile; fileRef = 0F853F4F2B929A5700A2A275 /* PhotoContentView.swift */; };
		0F881CE32B9D380800A2B3C0 /* Launch Screen.storyboard in Resources */ = {isa = PBXBuildFile; fileRef = 0F881CE22B9D380800A2B3C0 /* Launch Screen.storyboard */; };
		0FA4A05E2B9E48BF00699175 /* WidgetLocationManager.swift in Sources */ = {isa = PBXBuildFile; fileRef = 0FA4A05D2B9E48BF00699175 /* WidgetLocationManager.swift */; };
		0FAF610A2B3283AD00D8E59F /* CustomErrors.swift in Sources */ = {isa = PBXBuildFile; fileRef = 0FAF61092B3283AD00D8E59F /* CustomErrors.swift */; };
		0FAF610B2B3283E400D8E59F /* CustomErrors.swift in Sources */ = {isa = PBXBuildFile; fileRef = 0FAF61092B3283AD00D8E59F /* CustomErrors.swift */; };
		0FAF610C2B3283E900D8E59F /* CustomErrors.swift in Sources */ = {isa = PBXBuildFile; fileRef = 0FAF61092B3283AD00D8E59F /* CustomErrors.swift */; };
		BE003099297F59B700A0896C /* WeatherAppApp.swift in Sources */ = {isa = PBXBuildFile; fileRef = BE003098297F59B700A0896C /* WeatherAppApp.swift */; };
		BE00309B297F59B700A0896C /* ContentView.swift in Sources */ = {isa = PBXBuildFile; fileRef = BE00309A297F59B700A0896C /* ContentView.swift */; };
		BE00309D297F59B900A0896C /* Assets.xcassets in Resources */ = {isa = PBXBuildFile; fileRef = BE00309C297F59B900A0896C /* Assets.xcassets */; };
		BE0030A0297F59B900A0896C /* Preview Assets.xcassets in Resources */ = {isa = PBXBuildFile; fileRef = BE00309F297F59B900A0896C /* Preview Assets.xcassets */; };
		BE0030AA297F59BA00A0896C /* WeatherAppTests.swift in Sources */ = {isa = PBXBuildFile; fileRef = BE0030A9297F59BA00A0896C /* WeatherAppTests.swift */; };
		BE0030B4297F59BA00A0896C /* WeatherAppUITests.swift in Sources */ = {isa = PBXBuildFile; fileRef = BE0030B3297F59BA00A0896C /* WeatherAppUITests.swift */; };
		BE19392A297F5B4E00E20C9D /* WeatherDetailVM.swift in Sources */ = {isa = PBXBuildFile; fileRef = BE193929297F5B4E00E20C9D /* WeatherDetailVM.swift */; };
		BE19392C297F5B7900E20C9D /* WeatherDetailView.swift in Sources */ = {isa = PBXBuildFile; fileRef = BE19392B297F5B7900E20C9D /* WeatherDetailView.swift */; };
		BE193933297F5D5C00E20C9D /* SkyImageView.swift in Sources */ = {isa = PBXBuildFile; fileRef = BE193932297F5D5C00E20C9D /* SkyImageView.swift */; };
		BE193936297F5F6D00E20C9D /* WeatherModel.swift in Sources */ = {isa = PBXBuildFile; fileRef = BE193935297F5F6D00E20C9D /* WeatherModel.swift */; };
		BE19393B297F616100E20C9D /* Date+Extension.swift in Sources */ = {isa = PBXBuildFile; fileRef = BE19393A297F616100E20C9D /* Date+Extension.swift */; };
		BE19393D297F618900E20C9D /* Int+Extension.swift in Sources */ = {isa = PBXBuildFile; fileRef = BE19393C297F618900E20C9D /* Int+Extension.swift */; };
		BE193940297F61F300E20C9D /* WeatherDataService.swift in Sources */ = {isa = PBXBuildFile; fileRef = BE19393F297F61F300E20C9D /* WeatherDataService.swift */; };
		BE193943297F627300E20C9D /* ListOfCitiesView.swift in Sources */ = {isa = PBXBuildFile; fileRef = BE193942297F627300E20C9D /* ListOfCitiesView.swift */; };
		BE193945297F630500E20C9D /* SettingsView.swift in Sources */ = {isa = PBXBuildFile; fileRef = BE193944297F630500E20C9D /* SettingsView.swift */; };
		BE193947297F634800E20C9D /* ContactUsView.swift in Sources */ = {isa = PBXBuildFile; fileRef = BE193946297F634800E20C9D /* ContactUsView.swift */; };
		BE193949297F639E00E20C9D /* ContactUsVM.swift in Sources */ = {isa = PBXBuildFile; fileRef = BE193948297F639E00E20C9D /* ContactUsVM.swift */; };
		BE19394B297F641500E20C9D /* PhotoGalleryView.swift in Sources */ = {isa = PBXBuildFile; fileRef = BE19394A297F641500E20C9D /* PhotoGalleryView.swift */; };
		BE19394D297F649E00E20C9D /* PhotoDetailView.swift in Sources */ = {isa = PBXBuildFile; fileRef = BE19394C297F649E00E20C9D /* PhotoDetailView.swift */; };
		BE193953297F665900E20C9D /* ContactUsViewModelTests.swift in Sources */ = {isa = PBXBuildFile; fileRef = BE19394E297F665900E20C9D /* ContactUsViewModelTests.swift */; };
		BE193954297F665900E20C9D /* WeatherApiTests.swift in Sources */ = {isa = PBXBuildFile; fileRef = BE19394F297F665900E20C9D /* WeatherApiTests.swift */; };
		BE193955297F665900E20C9D /* WeatherNetwrokTechAssessmentTests.swift in Sources */ = {isa = PBXBuildFile; fileRef = BE193950297F665900E20C9D /* WeatherNetwrokTechAssessmentTests.swift */; };
		BE193956297F665900E20C9D /* WeatherViewModelTests.swift in Sources */ = {isa = PBXBuildFile; fileRef = BE193951297F665900E20C9D /* WeatherViewModelTests.swift */; };
		BE193957297F665900E20C9D /* WeatherModelTests.swift in Sources */ = {isa = PBXBuildFile; fileRef = BE193952297F665900E20C9D /* WeatherModelTests.swift */; };
		BE193963297F6ED600E20C9D /* WidgetKit.framework in Frameworks */ = {isa = PBXBuildFile; fileRef = BE193962297F6ED600E20C9D /* WidgetKit.framework */; };
		BE193965297F6ED600E20C9D /* SwiftUI.framework in Frameworks */ = {isa = PBXBuildFile; fileRef = BE193964297F6ED600E20C9D /* SwiftUI.framework */; };
		BE193968297F6ED600E20C9D /* WeatherWidgetBundle.swift in Sources */ = {isa = PBXBuildFile; fileRef = BE193967297F6ED600E20C9D /* WeatherWidgetBundle.swift */; };
		BE19396A297F6ED600E20C9D /* WeatherWidgetLiveActivity.swift in Sources */ = {isa = PBXBuildFile; fileRef = BE193969297F6ED600E20C9D /* WeatherWidgetLiveActivity.swift */; };
		BE19396C297F6ED600E20C9D /* WeatherWidget.swift in Sources */ = {isa = PBXBuildFile; fileRef = BE19396B297F6ED600E20C9D /* WeatherWidget.swift */; };
		BE19396F297F6ED800E20C9D /* Assets.xcassets in Resources */ = {isa = PBXBuildFile; fileRef = BE19396E297F6ED800E20C9D /* Assets.xcassets */; };
		BE193971297F6ED800E20C9D /* WeatherWidget.intentdefinition in Sources */ = {isa = PBXBuildFile; fileRef = BE19396D297F6ED600E20C9D /* WeatherWidget.intentdefinition */; };
		BE193972297F6ED800E20C9D /* WeatherWidget.intentdefinition in Sources */ = {isa = PBXBuildFile; fileRef = BE19396D297F6ED600E20C9D /* WeatherWidget.intentdefinition */; };
		BE193975297F6ED800E20C9D /* WeatherWidgetExtension.appex in Embed Foundation Extensions */ = {isa = PBXBuildFile; fileRef = BE193960297F6ED600E20C9D /* WeatherWidgetExtension.appex */; settings = {ATTRIBUTES = (RemoveHeadersOnCopy, ); }; };
		BE19397C297F95D300E20C9D /* WeatherWidgetLiveActivity.swift in Sources */ = {isa = PBXBuildFile; fileRef = BE193969297F6ED600E20C9D /* WeatherWidgetLiveActivity.swift */; };
		BE6F11AA2984A5BF001A0C4D /* Assets.xcassets in Resources */ = {isa = PBXBuildFile; fileRef = BE6F11A82984A5BF001A0C4D /* Assets.xcassets */; };
		BE6F11AC2984AB57001A0C4D /* SnowFall.sks in Resources */ = {isa = PBXBuildFile; fileRef = BE6F11AB2984AB57001A0C4D /* SnowFall.sks */; };
		BE7838DA2A738AC900A90BE0 /* WeatherDataService.swift in Sources */ = {isa = PBXBuildFile; fileRef = BE19393F297F61F300E20C9D /* WeatherDataService.swift */; };
		BE7838DB2A738B3200A90BE0 /* WeatherModel.swift in Sources */ = {isa = PBXBuildFile; fileRef = BE193935297F5F6D00E20C9D /* WeatherModel.swift */; };
		BE7838DC2A738B3700A90BE0 /* LocationModel.swift in Sources */ = {isa = PBXBuildFile; fileRef = BED490CF29848C1600C2BB49 /* LocationModel.swift */; };
		BE7838DD2A738B3A00A90BE0 /* ConditionModel.swift in Sources */ = {isa = PBXBuildFile; fileRef = BED490D129848EDE00C2BB49 /* ConditionModel.swift */; };
		BE7838DE2A738B3D00A90BE0 /* CurrentWeatherModel.swift in Sources */ = {isa = PBXBuildFile; fileRef = BED490D329848F7200C2BB49 /* CurrentWeatherModel.swift */; };
		BE7838E12A738BC000A90BE0 /* WeatherWidgetEntryView.swift in Sources */ = {isa = PBXBuildFile; fileRef = BE7838DF2A738BB700A90BE0 /* WeatherWidgetEntryView.swift */; };
		BE7838E42A738C3D00A90BE0 /* Provider.swift in Sources */ = {isa = PBXBuildFile; fileRef = BE7838E22A738C3D00A90BE0 /* Provider.swift */; };
		BE7838E62A738CBC00A90BE0 /* TimelineEntry.swift in Sources */ = {isa = PBXBuildFile; fileRef = BE7838E52A738CBC00A90BE0 /* TimelineEntry.swift */; };
		BE7838E72A738D1500A90BE0 /* Helper.swift in Sources */ = {isa = PBXBuildFile; fileRef = BEA91C942984E79100A7A939 /* Helper.swift */; };
		BE7838E82A738D2A00A90BE0 /* Date+Extension.swift in Sources */ = {isa = PBXBuildFile; fileRef = BE19393A297F616100E20C9D /* Date+Extension.swift */; };
		BE7838E92A738D3400A90BE0 /* Int+Extension.swift in Sources */ = {isa = PBXBuildFile; fileRef = BE19393C297F618900E20C9D /* Int+Extension.swift */; };
		BE7838EA2A738F7D00A90BE0 /* WeatherDetailVM.swift in Sources */ = {isa = PBXBuildFile; fileRef = BE193929297F5B4E00E20C9D /* WeatherDetailVM.swift */; };
		BE7838EE2A73952F00A90BE0 /* config.plist in Resources */ = {isa = PBXBuildFile; fileRef = BEA91C922984E47300A7A939 /* config.plist */; };
		BE86AE952980E8B200652BB5 /* LocationManager.swift in Sources */ = {isa = PBXBuildFile; fileRef = BE86AE942980E8B200652BB5 /* LocationManager.swift */; };
		BEA91C932984E47300A7A939 /* config.plist in Resources */ = {isa = PBXBuildFile; fileRef = BEA91C922984E47300A7A939 /* config.plist */; };
		BEA91C952984E79100A7A939 /* Helper.swift in Sources */ = {isa = PBXBuildFile; fileRef = BEA91C942984E79100A7A939 /* Helper.swift */; };
		BECD310729932929003BAC67 /* PhotoDetailVM.swift in Sources */ = {isa = PBXBuildFile; fileRef = BECD310629932929003BAC67 /* PhotoDetailVM.swift */; };
		BECD3109299329E4003BAC67 /* CanvasView.swift in Sources */ = {isa = PBXBuildFile; fileRef = BECD3108299329E4003BAC67 /* CanvasView.swift */; };
		BECD310B29933143003BAC67 /* CustomTextBox.swift in Sources */ = {isa = PBXBuildFile; fileRef = BECD310A29933143003BAC67 /* CustomTextBox.swift */; };
		BED490D029848C1600C2BB49 /* LocationModel.swift in Sources */ = {isa = PBXBuildFile; fileRef = BED490CF29848C1600C2BB49 /* LocationModel.swift */; };
		BED490D229848EDE00C2BB49 /* ConditionModel.swift in Sources */ = {isa = PBXBuildFile; fileRef = BED490D129848EDE00C2BB49 /* ConditionModel.swift */; };
		BED490D429848F7200C2BB49 /* CurrentWeatherModel.swift in Sources */ = {isa = PBXBuildFile; fileRef = BED490D329848F7200C2BB49 /* CurrentWeatherModel.swift */; };
		BEEB4C1B2985D0AB006C207A /* RainFall.sks in Resources */ = {isa = PBXBuildFile; fileRef = BEEB4C1A2985D0AB006C207A /* RainFall.sks */; };
		BEEB4C1D2985D188006C207A /* Cloud.sks in Resources */ = {isa = PBXBuildFile; fileRef = BEEB4C1C2985D188006C207A /* Cloud.sks */; };
		BEEB4C222986066A006C207A /* CloudScene.swift in Sources */ = {isa = PBXBuildFile; fileRef = BEEB4C212986066A006C207A /* CloudScene.swift */; };
		BEEB4C24298606BB006C207A /* SnowFallScene.swift in Sources */ = {isa = PBXBuildFile; fileRef = BEEB4C23298606BB006C207A /* SnowFallScene.swift */; };
		BEEB4C26298606F4006C207A /* RainFallScene.swift in Sources */ = {isa = PBXBuildFile; fileRef = BEEB4C25298606F4006C207A /* RainFallScene.swift */; };
		BEF1F2BE299C6099007661E5 /* WeatherMapView.swift in Sources */ = {isa = PBXBuildFile; fileRef = BEF1F2BD299C6099007661E5 /* WeatherMapView.swift */; };
/* End PBXBuildFile section */

/* Begin PBXContainerItemProxy section */
		BE0030A6297F59BA00A0896C /* PBXContainerItemProxy */ = {
			isa = PBXContainerItemProxy;
			containerPortal = BE00308D297F59B700A0896C /* Project object */;
			proxyType = 1;
			remoteGlobalIDString = BE003094297F59B700A0896C;
			remoteInfo = WeatherApp;
		};
		BE0030B0297F59BA00A0896C /* PBXContainerItemProxy */ = {
			isa = PBXContainerItemProxy;
			containerPortal = BE00308D297F59B700A0896C /* Project object */;
			proxyType = 1;
			remoteGlobalIDString = BE003094297F59B700A0896C;
			remoteInfo = WeatherApp;
		};
		BE193973297F6ED800E20C9D /* PBXContainerItemProxy */ = {
			isa = PBXContainerItemProxy;
			containerPortal = BE00308D297F59B700A0896C /* Project object */;
			proxyType = 1;
			remoteGlobalIDString = BE19395F297F6ED600E20C9D;
			remoteInfo = WeatherWidgetExtension;
		};
/* End PBXContainerItemProxy section */

/* Begin PBXCopyFilesBuildPhase section */
		BE193979297F6ED800E20C9D /* Embed Foundation Extensions */ = {
			isa = PBXCopyFilesBuildPhase;
			buildActionMask = 2147483647;
			dstPath = "";
			dstSubfolderSpec = 13;
			files = (
				BE193975297F6ED800E20C9D /* WeatherWidgetExtension.appex in Embed Foundation Extensions */,
			);
			name = "Embed Foundation Extensions";
			runOnlyForDeploymentPostprocessing = 0;
		};
/* End PBXCopyFilesBuildPhase section */

/* Begin PBXFileReference section */
		0F2AC1AE2B3DFE4600C4E92D /* PhotoGalleryDataManager.swift */ = {isa = PBXFileReference; lastKnownFileType = sourcecode.swift; path = PhotoGalleryDataManager.swift; sourceTree = "<group>"; };
		0F2AC1B02B3DFEBF00C4E92D /* PhotoGalleryViewModel.swift */ = {isa = PBXFileReference; lastKnownFileType = sourcecode.swift; path = PhotoGalleryViewModel.swift; sourceTree = "<group>"; };
		0F4465272B9AC80F0071AC84 /* StyledNavigationLink.swift */ = {isa = PBXFileReference; lastKnownFileType = sourcecode.swift; path = StyledNavigationLink.swift; sourceTree = "<group>"; };
		0F8408562B910FD1003CEA19 /* ProgressView.swift */ = {isa = PBXFileReference; lastKnownFileType = sourcecode.swift; path = ProgressView.swift; sourceTree = "<group>"; };
		0F84085A2B91107B003CEA19 /* SettingsButtonView.swift */ = {isa = PBXFileReference; lastKnownFileType = sourcecode.swift; path = SettingsButtonView.swift; sourceTree = "<group>"; };
		0F853F412B928B1C00A2A275 /* TextAnnotationOverlayView.swift */ = {isa = PBXFileReference; lastKnownFileType = sourcecode.swift; path = TextAnnotationOverlayView.swift; sourceTree = "<group>"; };
		0F853F432B928C2400A2A275 /* TextInputOverlay.swift */ = {isa = PBXFileReference; lastKnownFileType = sourcecode.swift; path = TextInputOverlay.swift; sourceTree = "<group>"; };
		0F853F452B928CA700A2A275 /* TextStylingBarView.swift */ = {isa = PBXFileReference; lastKnownFileType = sourcecode.swift; path = TextStylingBarView.swift; sourceTree = "<group>"; };
		0F853F472B928F6900A2A275 /* ToolBarContentView.swift */ = {isa = PBXFileReference; lastKnownFileType = sourcecode.swift; path = ToolBarContentView.swift; sourceTree = "<group>"; };
		0F853F492B92992100A2A275 /* InitialImageView.swift */ = {isa = PBXFileReference; lastKnownFileType = sourcecode.swift; path = InitialImageView.swift; sourceTree = "<group>"; };
		0F853F4B2B9299C700A2A275 /* FilteredImageView.swift */ = {isa = PBXFileReference; lastKnownFileType = sourcecode.swift; path = FilteredImageView.swift; sourceTree = "<group>"; };
		0F853F4D2B929A0D00A2A275 /* SliderRow.swift */ = {isa = PBXFileReference; lastKnownFileType = sourcecode.swift; path = SliderRow.swift; sourceTree = "<group>"; };
		0F853F4F2B929A5700A2A275 /* PhotoContentView.swift */ = {isa = PBXFileReference; lastKnownFileType = sourcecode.swift; path = PhotoContentView.swift; sourceTree = "<group>"; };
		0F881CE22B9D380800A2B3C0 /* Launch Screen.storyboard */ = {isa = PBXFileReference; lastKnownFileType = file.storyboard; path = "Launch Screen.storyboard"; sourceTree = "<group>"; };
		0FA4A05D2B9E48BF00699175 /* WidgetLocationManager.swift */ = {isa = PBXFileReference; lastKnownFileType = sourcecode.swift; path = WidgetLocationManager.swift; sourceTree = "<group>"; };
		0FAF61092B3283AD00D8E59F /* CustomErrors.swift */ = {isa = PBXFileReference; lastKnownFileType = sourcecode.swift; path = CustomErrors.swift; sourceTree = "<group>"; };
		BE003095297F59B700A0896C /* WeatherApp.app */ = {isa = PBXFileReference; explicitFileType = wrapper.application; includeInIndex = 0; path = WeatherApp.app; sourceTree = BUILT_PRODUCTS_DIR; };
		BE003098297F59B700A0896C /* WeatherAppApp.swift */ = {isa = PBXFileReference; lastKnownFileType = sourcecode.swift; path = WeatherAppApp.swift; sourceTree = "<group>"; };
		BE00309A297F59B700A0896C /* ContentView.swift */ = {isa = PBXFileReference; lastKnownFileType = sourcecode.swift; path = ContentView.swift; sourceTree = "<group>"; };
		BE00309C297F59B900A0896C /* Assets.xcassets */ = {isa = PBXFileReference; lastKnownFileType = folder.assetcatalog; path = Assets.xcassets; sourceTree = "<group>"; };
		BE00309F297F59B900A0896C /* Preview Assets.xcassets */ = {isa = PBXFileReference; lastKnownFileType = folder.assetcatalog; path = "Preview Assets.xcassets"; sourceTree = "<group>"; };
		BE0030A5297F59BA00A0896C /* WeatherAppTests.xctest */ = {isa = PBXFileReference; explicitFileType = wrapper.cfbundle; includeInIndex = 0; path = WeatherAppTests.xctest; sourceTree = BUILT_PRODUCTS_DIR; };
		BE0030A9297F59BA00A0896C /* WeatherAppTests.swift */ = {isa = PBXFileReference; lastKnownFileType = sourcecode.swift; path = WeatherAppTests.swift; sourceTree = "<group>"; };
		BE0030AF297F59BA00A0896C /* WeatherAppUITests.xctest */ = {isa = PBXFileReference; explicitFileType = wrapper.cfbundle; includeInIndex = 0; path = WeatherAppUITests.xctest; sourceTree = BUILT_PRODUCTS_DIR; };
		BE0030B3297F59BA00A0896C /* WeatherAppUITests.swift */ = {isa = PBXFileReference; lastKnownFileType = sourcecode.swift; path = WeatherAppUITests.swift; sourceTree = "<group>"; };
		BE193929297F5B4E00E20C9D /* WeatherDetailVM.swift */ = {isa = PBXFileReference; lastKnownFileType = sourcecode.swift; path = WeatherDetailVM.swift; sourceTree = "<group>"; };
		BE19392B297F5B7900E20C9D /* WeatherDetailView.swift */ = {isa = PBXFileReference; lastKnownFileType = sourcecode.swift; path = WeatherDetailView.swift; sourceTree = "<group>"; };
		BE193932297F5D5C00E20C9D /* SkyImageView.swift */ = {isa = PBXFileReference; lastKnownFileType = sourcecode.swift; path = SkyImageView.swift; sourceTree = "<group>"; };
		BE193935297F5F6D00E20C9D /* WeatherModel.swift */ = {isa = PBXFileReference; lastKnownFileType = sourcecode.swift; path = WeatherModel.swift; sourceTree = "<group>"; };
		BE19393A297F616100E20C9D /* Date+Extension.swift */ = {isa = PBXFileReference; lastKnownFileType = sourcecode.swift; path = "Date+Extension.swift"; sourceTree = "<group>"; };
		BE19393C297F618900E20C9D /* Int+Extension.swift */ = {isa = PBXFileReference; lastKnownFileType = sourcecode.swift; path = "Int+Extension.swift"; sourceTree = "<group>"; };
		BE19393F297F61F300E20C9D /* WeatherDataService.swift */ = {isa = PBXFileReference; lastKnownFileType = sourcecode.swift; path = WeatherDataService.swift; sourceTree = "<group>"; };
		BE193942297F627300E20C9D /* ListOfCitiesView.swift */ = {isa = PBXFileReference; lastKnownFileType = sourcecode.swift; path = ListOfCitiesView.swift; sourceTree = "<group>"; };
		BE193944297F630500E20C9D /* SettingsView.swift */ = {isa = PBXFileReference; lastKnownFileType = sourcecode.swift; path = SettingsView.swift; sourceTree = "<group>"; };
		BE193946297F634800E20C9D /* ContactUsView.swift */ = {isa = PBXFileReference; lastKnownFileType = sourcecode.swift; path = ContactUsView.swift; sourceTree = "<group>"; };
		BE193948297F639E00E20C9D /* ContactUsVM.swift */ = {isa = PBXFileReference; lastKnownFileType = sourcecode.swift; path = ContactUsVM.swift; sourceTree = "<group>"; };
		BE19394A297F641500E20C9D /* PhotoGalleryView.swift */ = {isa = PBXFileReference; lastKnownFileType = sourcecode.swift; path = PhotoGalleryView.swift; sourceTree = "<group>"; };
		BE19394C297F649E00E20C9D /* PhotoDetailView.swift */ = {isa = PBXFileReference; lastKnownFileType = sourcecode.swift; path = PhotoDetailView.swift; sourceTree = "<group>"; };
		BE19394E297F665900E20C9D /* ContactUsViewModelTests.swift */ = {isa = PBXFileReference; fileEncoding = 4; lastKnownFileType = sourcecode.swift; path = ContactUsViewModelTests.swift; sourceTree = "<group>"; };
		BE19394F297F665900E20C9D /* WeatherApiTests.swift */ = {isa = PBXFileReference; fileEncoding = 4; lastKnownFileType = sourcecode.swift; path = WeatherApiTests.swift; sourceTree = "<group>"; };
		BE193950297F665900E20C9D /* WeatherNetwrokTechAssessmentTests.swift */ = {isa = PBXFileReference; fileEncoding = 4; lastKnownFileType = sourcecode.swift; path = WeatherNetwrokTechAssessmentTests.swift; sourceTree = "<group>"; };
		BE193951297F665900E20C9D /* WeatherViewModelTests.swift */ = {isa = PBXFileReference; fileEncoding = 4; lastKnownFileType = sourcecode.swift; path = WeatherViewModelTests.swift; sourceTree = "<group>"; };
		BE193952297F665900E20C9D /* WeatherModelTests.swift */ = {isa = PBXFileReference; fileEncoding = 4; lastKnownFileType = sourcecode.swift; path = WeatherModelTests.swift; sourceTree = "<group>"; };
		BE193960297F6ED600E20C9D /* WeatherWidgetExtension.appex */ = {isa = PBXFileReference; explicitFileType = "wrapper.app-extension"; includeInIndex = 0; path = WeatherWidgetExtension.appex; sourceTree = BUILT_PRODUCTS_DIR; };
		BE193962297F6ED600E20C9D /* WidgetKit.framework */ = {isa = PBXFileReference; lastKnownFileType = wrapper.framework; name = WidgetKit.framework; path = System/Library/Frameworks/WidgetKit.framework; sourceTree = SDKROOT; };
		BE193964297F6ED600E20C9D /* SwiftUI.framework */ = {isa = PBXFileReference; lastKnownFileType = wrapper.framework; name = SwiftUI.framework; path = System/Library/Frameworks/SwiftUI.framework; sourceTree = SDKROOT; };
		BE193967297F6ED600E20C9D /* WeatherWidgetBundle.swift */ = {isa = PBXFileReference; lastKnownFileType = sourcecode.swift; path = WeatherWidgetBundle.swift; sourceTree = "<group>"; };
		BE193969297F6ED600E20C9D /* WeatherWidgetLiveActivity.swift */ = {isa = PBXFileReference; lastKnownFileType = sourcecode.swift; path = WeatherWidgetLiveActivity.swift; sourceTree = "<group>"; };
		BE19396B297F6ED600E20C9D /* WeatherWidget.swift */ = {isa = PBXFileReference; lastKnownFileType = sourcecode.swift; path = WeatherWidget.swift; sourceTree = "<group>"; };
		BE19396D297F6ED600E20C9D /* WeatherWidget.intentdefinition */ = {isa = PBXFileReference; lastKnownFileType = file.intentdefinition; path = WeatherWidget.intentdefinition; sourceTree = "<group>"; };
		BE19396E297F6ED800E20C9D /* Assets.xcassets */ = {isa = PBXFileReference; lastKnownFileType = folder.assetcatalog; path = Assets.xcassets; sourceTree = "<group>"; };
		BE193970297F6ED800E20C9D /* Info.plist */ = {isa = PBXFileReference; lastKnownFileType = text.plist.xml; path = Info.plist; sourceTree = "<group>"; };
		BE6F11A82984A5BF001A0C4D /* Assets.xcassets */ = {isa = PBXFileReference; lastKnownFileType = folder.assetcatalog; path = Assets.xcassets; sourceTree = "<group>"; };
		BE6F11AB2984AB57001A0C4D /* SnowFall.sks */ = {isa = PBXFileReference; lastKnownFileType = file.sks; path = SnowFall.sks; sourceTree = "<group>"; };
		BE7838DF2A738BB700A90BE0 /* WeatherWidgetEntryView.swift */ = {isa = PBXFileReference; lastKnownFileType = sourcecode.swift; path = WeatherWidgetEntryView.swift; sourceTree = "<group>"; };
		BE7838E22A738C3D00A90BE0 /* Provider.swift */ = {isa = PBXFileReference; lastKnownFileType = sourcecode.swift; path = Provider.swift; sourceTree = "<group>"; };
		BE7838E52A738CBC00A90BE0 /* TimelineEntry.swift */ = {isa = PBXFileReference; lastKnownFileType = sourcecode.swift; path = TimelineEntry.swift; sourceTree = "<group>"; };
		BE86AE942980E8B200652BB5 /* LocationManager.swift */ = {isa = PBXFileReference; lastKnownFileType = sourcecode.swift; path = LocationManager.swift; sourceTree = "<group>"; };
		BE86AE962980F04600652BB5 /* Info.plist */ = {isa = PBXFileReference; lastKnownFileType = text.plist; path = Info.plist; sourceTree = "<group>"; };
		BEA91C922984E47300A7A939 /* config.plist */ = {isa = PBXFileReference; lastKnownFileType = text.plist.xml; path = config.plist; sourceTree = "<group>"; };
		BEA91C942984E79100A7A939 /* Helper.swift */ = {isa = PBXFileReference; lastKnownFileType = sourcecode.swift; path = Helper.swift; sourceTree = "<group>"; };
		BECD310629932929003BAC67 /* PhotoDetailVM.swift */ = {isa = PBXFileReference; lastKnownFileType = sourcecode.swift; path = PhotoDetailVM.swift; sourceTree = "<group>"; };
		BECD3108299329E4003BAC67 /* CanvasView.swift */ = {isa = PBXFileReference; lastKnownFileType = sourcecode.swift; path = CanvasView.swift; sourceTree = "<group>"; };
		BECD310A29933143003BAC67 /* CustomTextBox.swift */ = {isa = PBXFileReference; lastKnownFileType = sourcecode.swift; path = CustomTextBox.swift; sourceTree = "<group>"; };
		BED490CF29848C1600C2BB49 /* LocationModel.swift */ = {isa = PBXFileReference; lastKnownFileType = sourcecode.swift; path = LocationModel.swift; sourceTree = "<group>"; };
		BED490D129848EDE00C2BB49 /* ConditionModel.swift */ = {isa = PBXFileReference; lastKnownFileType = sourcecode.swift; path = ConditionModel.swift; sourceTree = "<group>"; };
		BED490D329848F7200C2BB49 /* CurrentWeatherModel.swift */ = {isa = PBXFileReference; lastKnownFileType = sourcecode.swift; path = CurrentWeatherModel.swift; sourceTree = "<group>"; };
		BEEB4C1A2985D0AB006C207A /* RainFall.sks */ = {isa = PBXFileReference; lastKnownFileType = file.sks; path = RainFall.sks; sourceTree = "<group>"; };
		BEEB4C1C2985D188006C207A /* Cloud.sks */ = {isa = PBXFileReference; lastKnownFileType = file.sks; path = Cloud.sks; sourceTree = "<group>"; };
		BEEB4C212986066A006C207A /* CloudScene.swift */ = {isa = PBXFileReference; lastKnownFileType = sourcecode.swift; path = CloudScene.swift; sourceTree = "<group>"; };
		BEEB4C23298606BB006C207A /* SnowFallScene.swift */ = {isa = PBXFileReference; lastKnownFileType = sourcecode.swift; path = SnowFallScene.swift; sourceTree = "<group>"; };
		BEEB4C25298606F4006C207A /* RainFallScene.swift */ = {isa = PBXFileReference; lastKnownFileType = sourcecode.swift; path = RainFallScene.swift; sourceTree = "<group>"; };
		BEF1F2BD299C6099007661E5 /* WeatherMapView.swift */ = {isa = PBXFileReference; lastKnownFileType = sourcecode.swift; path = WeatherMapView.swift; sourceTree = "<group>"; };
/* End PBXFileReference section */

/* Begin PBXFrameworksBuildPhase section */
		BE003092297F59B700A0896C /* Frameworks */ = {
			isa = PBXFrameworksBuildPhase;
			buildActionMask = 2147483647;
			files = (
			);
			runOnlyForDeploymentPostprocessing = 0;
		};
		BE0030A2297F59BA00A0896C /* Frameworks */ = {
			isa = PBXFrameworksBuildPhase;
			buildActionMask = 2147483647;
			files = (
			);
			runOnlyForDeploymentPostprocessing = 0;
		};
		BE0030AC297F59BA00A0896C /* Frameworks */ = {
			isa = PBXFrameworksBuildPhase;
			buildActionMask = 2147483647;
			files = (
			);
			runOnlyForDeploymentPostprocessing = 0;
		};
		BE19395D297F6ED600E20C9D /* Frameworks */ = {
			isa = PBXFrameworksBuildPhase;
			buildActionMask = 2147483647;
			files = (
				BE193965297F6ED600E20C9D /* SwiftUI.framework in Frameworks */,
				BE193963297F6ED600E20C9D /* WidgetKit.framework in Frameworks */,
			);
			runOnlyForDeploymentPostprocessing = 0;
		};
/* End PBXFrameworksBuildPhase section */

/* Begin PBXGroup section */
		0F4465262B9AC7FC0071AC84 /* StyledNavigationLink */ = {
			isa = PBXGroup;
			children = (
				0F4465272B9AC80F0071AC84 /* StyledNavigationLink.swift */,
			);
			path = StyledNavigationLink;
			sourceTree = "<group>";
		};
		0F8408552B910FB6003CEA19 /* SharedComponents */ = {
			isa = PBXGroup;
			children = (
				0F4465262B9AC7FC0071AC84 /* StyledNavigationLink */,
				0F8408592B911050003CEA19 /* SettingsButtonView */,
				0F8408582B91101D003CEA19 /* ProgressView */,
			);
			path = SharedComponents;
			sourceTree = "<group>";
		};
		0F8408582B91101D003CEA19 /* ProgressView */ = {
			isa = PBXGroup;
			children = (
				0F8408562B910FD1003CEA19 /* ProgressView.swift */,
			);
			path = ProgressView;
			sourceTree = "<group>";
		};
		0F8408592B911050003CEA19 /* SettingsButtonView */ = {
			isa = PBXGroup;
			children = (
				0F84085A2B91107B003CEA19 /* SettingsButtonView.swift */,
			);
			path = SettingsButtonView;
			sourceTree = "<group>";
		};
		0F881CE12B9D37FA00A2B3C0 /* LaunchScreen */ = {
			isa = PBXGroup;
			children = (
				0F881CE22B9D380800A2B3C0 /* Launch Screen.storyboard */,
			);
			path = LaunchScreen;
			sourceTree = "<group>";
		};
		BE00308C297F59B700A0896C = {
			isa = PBXGroup;
			children = (
				BE003097297F59B700A0896C /* WeatherApp */,
				BE0030A8297F59BA00A0896C /* WeatherAppTests */,
				BE0030B2297F59BA00A0896C /* WeatherAppUITests */,
				BE193966297F6ED600E20C9D /* WeatherWidget */,
				BE193961297F6ED600E20C9D /* Frameworks */,
				BE003096297F59B700A0896C /* Products */,
			);
			sourceTree = "<group>";
		};
		BE003096297F59B700A0896C /* Products */ = {
			isa = PBXGroup;
			children = (
				BE003095297F59B700A0896C /* WeatherApp.app */,
				BE0030A5297F59BA00A0896C /* WeatherAppTests.xctest */,
				BE0030AF297F59BA00A0896C /* WeatherAppUITests.xctest */,
				BE193960297F6ED600E20C9D /* WeatherWidgetExtension.appex */,
			);
			name = Products;
			sourceTree = "<group>";
		};
		BE003097297F59B700A0896C /* WeatherApp */ = {
			isa = PBXGroup;
			children = (
				0F881CE12B9D37FA00A2B3C0 /* LaunchScreen */,
				0F8408552B910FB6003CEA19 /* SharedComponents */,
				BE86AE962980F04600652BB5 /* Info.plist */,
				BE19393E297F61DC00E20C9D /* Services */,
				BE193934297F5F4F00E20C9D /* Models */,
				BE193926297F5AAB00E20C9D /* Views */,
				BE0030C3297F59E000A0896C /* AppConfiguration */,
				BE0030C2297F59C900A0896C /* SupportingFiles */,
				BEA91C922984E47300A7A939 /* config.plist */,
			);
			path = WeatherApp;
			sourceTree = "<group>";
		};
		BE00309E297F59B900A0896C /* Preview Content */ = {
			isa = PBXGroup;
			children = (
				BE00309F297F59B900A0896C /* Preview Assets.xcassets */,
			);
			path = "Preview Content";
			sourceTree = "<group>";
		};
		BE0030A8297F59BA00A0896C /* WeatherAppTests */ = {
			isa = PBXGroup;
			children = (
				BE19394E297F665900E20C9D /* ContactUsViewModelTests.swift */,
				BE19394F297F665900E20C9D /* WeatherApiTests.swift */,
				BE193952297F665900E20C9D /* WeatherModelTests.swift */,
				BE193950297F665900E20C9D /* WeatherNetwrokTechAssessmentTests.swift */,
				BE193951297F665900E20C9D /* WeatherViewModelTests.swift */,
				BE0030A9297F59BA00A0896C /* WeatherAppTests.swift */,
			);
			path = WeatherAppTests;
			sourceTree = "<group>";
		};
		BE0030B2297F59BA00A0896C /* WeatherAppUITests */ = {
			isa = PBXGroup;
			children = (
				BE0030B3297F59BA00A0896C /* WeatherAppUITests.swift */,
			);
			path = WeatherAppUITests;
			sourceTree = "<group>";
		};
		BE0030C2297F59C900A0896C /* SupportingFiles */ = {
			isa = PBXGroup;
			children = (
				BE6F11A62984A53F001A0C4D /* SpriteFiles */,
				BE193937297F611B00E20C9D /* Extensions */,
				BE193932297F5D5C00E20C9D /* SkyImageView.swift */,
				BE00309C297F59B900A0896C /* Assets.xcassets */,
				BE00309E297F59B900A0896C /* Preview Content */,
				BEA91C942984E79100A7A939 /* Helper.swift */,
			);
			path = SupportingFiles;
			sourceTree = "<group>";
		};
		BE0030C3297F59E000A0896C /* AppConfiguration */ = {
			isa = PBXGroup;
			children = (
				BE003098297F59B700A0896C /* WeatherAppApp.swift */,
				BE00309A297F59B700A0896C /* ContentView.swift */,
			);
			path = AppConfiguration;
			sourceTree = "<group>";
		};
		BE193926297F5AAB00E20C9D /* Views */ = {
			isa = PBXGroup;
			children = (
				BE19392F297F5CCA00E20C9D /* PhotoDetailView */,
				BE19392E297F5BDC00E20C9D /* ContactUsView */,
				BE19392D297F5BB600E20C9D /* PhotoGalleryView */,
				BE193928297F5B2A00E20C9D /* WeatherView */,
			);
			path = Views;
			sourceTree = "<group>";
		};
		BE193928297F5B2A00E20C9D /* WeatherView */ = {
			isa = PBXGroup;
			children = (
				BEF1F2BC299C6081007661E5 /* WeatherMapView */,
				BE193941297F624300E20C9D /* CityListView */,
				BE193930297F5CE400E20C9D /* SettingsView */,
				BE193931297F5D2000E20C9D /* WeatherDetailView */,
			);
			path = WeatherView;
			sourceTree = "<group>";
		};
		BE19392D297F5BB600E20C9D /* PhotoGalleryView */ = {
			isa = PBXGroup;
			children = (
				BE19394A297F641500E20C9D /* PhotoGalleryView.swift */,
				0F2AC1B02B3DFEBF00C4E92D /* PhotoGalleryViewModel.swift */,
			);
			path = PhotoGalleryView;
			sourceTree = "<group>";
		};
		BE19392E297F5BDC00E20C9D /* ContactUsView */ = {
			isa = PBXGroup;
			children = (
				BE193946297F634800E20C9D /* ContactUsView.swift */,
				BE193948297F639E00E20C9D /* ContactUsVM.swift */,
			);
			path = ContactUsView;
			sourceTree = "<group>";
		};
		BE19392F297F5CCA00E20C9D /* PhotoDetailView */ = {
			isa = PBXGroup;
			children = (
				BE19394C297F649E00E20C9D /* PhotoDetailView.swift */,
				BECD310629932929003BAC67 /* PhotoDetailVM.swift */,
				BECD3108299329E4003BAC67 /* CanvasView.swift */,
				0F853F412B928B1C00A2A275 /* TextAnnotationOverlayView.swift */,
				0F853F432B928C2400A2A275 /* TextInputOverlay.swift */,
				0F853F452B928CA700A2A275 /* TextStylingBarView.swift */,
				0F853F472B928F6900A2A275 /* ToolBarContentView.swift */,
				0F853F492B92992100A2A275 /* InitialImageView.swift */,
				0F853F4B2B9299C700A2A275 /* FilteredImageView.swift */,
				0F853F4D2B929A0D00A2A275 /* SliderRow.swift */,
				0F853F4F2B929A5700A2A275 /* PhotoContentView.swift */,
			);
			path = PhotoDetailView;
			sourceTree = "<group>";
		};
		BE193930297F5CE400E20C9D /* SettingsView */ = {
			isa = PBXGroup;
			children = (
				BE193944297F630500E20C9D /* SettingsView.swift */,
			);
			path = SettingsView;
			sourceTree = "<group>";
		};
		BE193931297F5D2000E20C9D /* WeatherDetailView */ = {
			isa = PBXGroup;
			children = (
				BE193929297F5B4E00E20C9D /* WeatherDetailVM.swift */,
				BE19392B297F5B7900E20C9D /* WeatherDetailView.swift */,
			);
			path = WeatherDetailView;
			sourceTree = "<group>";
		};
		BE193934297F5F4F00E20C9D /* Models */ = {
			isa = PBXGroup;
			children = (
				BE193935297F5F6D00E20C9D /* WeatherModel.swift */,
				BED490CF29848C1600C2BB49 /* LocationModel.swift */,
				BED490D129848EDE00C2BB49 /* ConditionModel.swift */,
				BED490D329848F7200C2BB49 /* CurrentWeatherModel.swift */,
				0FAF61092B3283AD00D8E59F /* CustomErrors.swift */,
				BECD310A29933143003BAC67 /* CustomTextBox.swift */,
			);
			path = Models;
			sourceTree = "<group>";
		};
		BE193937297F611B00E20C9D /* Extensions */ = {
			isa = PBXGroup;
			children = (
				BE19393A297F616100E20C9D /* Date+Extension.swift */,
				BE19393C297F618900E20C9D /* Int+Extension.swift */,
			);
			path = Extensions;
			sourceTree = "<group>";
		};
		BE19393E297F61DC00E20C9D /* Services */ = {
			isa = PBXGroup;
			children = (
				BE19393F297F61F300E20C9D /* WeatherDataService.swift */,
				BE86AE942980E8B200652BB5 /* LocationManager.swift */,
				0F2AC1AE2B3DFE4600C4E92D /* PhotoGalleryDataManager.swift */,
			);
			path = Services;
			sourceTree = "<group>";
		};
		BE193941297F624300E20C9D /* CityListView */ = {
			isa = PBXGroup;
			children = (
				BE193942297F627300E20C9D /* ListOfCitiesView.swift */,
			);
			path = CityListView;
			sourceTree = "<group>";
		};
		BE193961297F6ED600E20C9D /* Frameworks */ = {
			isa = PBXGroup;
			children = (
				BE193962297F6ED600E20C9D /* WidgetKit.framework */,
				BE193964297F6ED600E20C9D /* SwiftUI.framework */,
			);
			name = Frameworks;
			sourceTree = "<group>";
		};
		BE193966297F6ED600E20C9D /* WeatherWidget */ = {
			isa = PBXGroup;
			children = (
				BE7838DF2A738BB700A90BE0 /* WeatherWidgetEntryView.swift */,
				BE193967297F6ED600E20C9D /* WeatherWidgetBundle.swift */,
				BE193969297F6ED600E20C9D /* WeatherWidgetLiveActivity.swift */,
				BE7838E22A738C3D00A90BE0 /* Provider.swift */,
				BE19396B297F6ED600E20C9D /* WeatherWidget.swift */,
				BE19396D297F6ED600E20C9D /* WeatherWidget.intentdefinition */,
				BE19396E297F6ED800E20C9D /* Assets.xcassets */,
				BE193970297F6ED800E20C9D /* Info.plist */,
				BE7838E52A738CBC00A90BE0 /* TimelineEntry.swift */,
				0FA4A05D2B9E48BF00699175 /* WidgetLocationManager.swift */,
			);
			path = WeatherWidget;
			sourceTree = "<group>";
		};
		BE6F11A62984A53F001A0C4D /* SpriteFiles */ = {
			isa = PBXGroup;
			children = (
				BE6F11A82984A5BF001A0C4D /* Assets.xcassets */,
				BEEB4C1E29860618006C207A /* SnowFall */,
				BEEB4C1F29860640006C207A /* RainFall */,
				BEEB4C2029860655006C207A /* Cloud */,
			);
			path = SpriteFiles;
			sourceTree = "<group>";
		};
		BEEB4C1E29860618006C207A /* SnowFall */ = {
			isa = PBXGroup;
			children = (
				BE6F11AB2984AB57001A0C4D /* SnowFall.sks */,
				BEEB4C23298606BB006C207A /* SnowFallScene.swift */,
			);
			path = SnowFall;
			sourceTree = "<group>";
		};
		BEEB4C1F29860640006C207A /* RainFall */ = {
			isa = PBXGroup;
			children = (
				BEEB4C1A2985D0AB006C207A /* RainFall.sks */,
				BEEB4C25298606F4006C207A /* RainFallScene.swift */,
			);
			path = RainFall;
			sourceTree = "<group>";
		};
		BEEB4C2029860655006C207A /* Cloud */ = {
			isa = PBXGroup;
			children = (
				BEEB4C1C2985D188006C207A /* Cloud.sks */,
				BEEB4C212986066A006C207A /* CloudScene.swift */,
			);
			path = Cloud;
			sourceTree = "<group>";
		};
		BEF1F2BC299C6081007661E5 /* WeatherMapView */ = {
			isa = PBXGroup;
			children = (
				BEF1F2BD299C6099007661E5 /* WeatherMapView.swift */,
			);
			path = WeatherMapView;
			sourceTree = "<group>";
		};
/* End PBXGroup section */

/* Begin PBXNativeTarget section */
		BE003094297F59B700A0896C /* WeatherApp */ = {
			isa = PBXNativeTarget;
			buildConfigurationList = BE0030B9297F59BA00A0896C /* Build configuration list for PBXNativeTarget "WeatherApp" */;
			buildPhases = (
				BE003091297F59B700A0896C /* Sources */,
				BE003092297F59B700A0896C /* Frameworks */,
				BE003093297F59B700A0896C /* Resources */,
				BE193979297F6ED800E20C9D /* Embed Foundation Extensions */,
			);
			buildRules = (
			);
			dependencies = (
				BE193974297F6ED800E20C9D /* PBXTargetDependency */,
			);
			name = WeatherApp;
			productName = WeatherApp;
			productReference = BE003095297F59B700A0896C /* WeatherApp.app */;
			productType = "com.apple.product-type.application";
		};
		BE0030A4297F59BA00A0896C /* WeatherAppTests */ = {
			isa = PBXNativeTarget;
			buildConfigurationList = BE0030BC297F59BA00A0896C /* Build configuration list for PBXNativeTarget "WeatherAppTests" */;
			buildPhases = (
				BE0030A1297F59BA00A0896C /* Sources */,
				BE0030A2297F59BA00A0896C /* Frameworks */,
				BE0030A3297F59BA00A0896C /* Resources */,
			);
			buildRules = (
			);
			dependencies = (
				BE0030A7297F59BA00A0896C /* PBXTargetDependency */,
			);
			name = WeatherAppTests;
			productName = WeatherAppTests;
			productReference = BE0030A5297F59BA00A0896C /* WeatherAppTests.xctest */;
			productType = "com.apple.product-type.bundle.unit-test";
		};
		BE0030AE297F59BA00A0896C /* WeatherAppUITests */ = {
			isa = PBXNativeTarget;
			buildConfigurationList = BE0030BF297F59BA00A0896C /* Build configuration list for PBXNativeTarget "WeatherAppUITests" */;
			buildPhases = (
				BE0030AB297F59BA00A0896C /* Sources */,
				BE0030AC297F59BA00A0896C /* Frameworks */,
				BE0030AD297F59BA00A0896C /* Resources */,
			);
			buildRules = (
			);
			dependencies = (
				BE0030B1297F59BA00A0896C /* PBXTargetDependency */,
			);
			name = WeatherAppUITests;
			productName = WeatherAppUITests;
			productReference = BE0030AF297F59BA00A0896C /* WeatherAppUITests.xctest */;
			productType = "com.apple.product-type.bundle.ui-testing";
		};
		BE19395F297F6ED600E20C9D /* WeatherWidgetExtension */ = {
			isa = PBXNativeTarget;
			buildConfigurationList = BE193976297F6ED800E20C9D /* Build configuration list for PBXNativeTarget "WeatherWidgetExtension" */;
			buildPhases = (
				BE19395C297F6ED600E20C9D /* Sources */,
				BE19395D297F6ED600E20C9D /* Frameworks */,
				BE19395E297F6ED600E20C9D /* Resources */,
			);
			buildRules = (
			);
			dependencies = (
			);
			name = WeatherWidgetExtension;
			productName = WeatherWidgetExtension;
			productReference = BE193960297F6ED600E20C9D /* WeatherWidgetExtension.appex */;
			productType = "com.apple.product-type.app-extension";
		};
/* End PBXNativeTarget section */

/* Begin PBXProject section */
		BE00308D297F59B700A0896C /* Project object */ = {
			isa = PBXProject;
			attributes = {
				BuildIndependentTargetsInParallel = 1;
				LastSwiftUpdateCheck = 1420;
				LastUpgradeCheck = 1510;
				TargetAttributes = {
					BE003094297F59B700A0896C = {
						CreatedOnToolsVersion = 14.2;
					};
					BE0030A4297F59BA00A0896C = {
						CreatedOnToolsVersion = 14.2;
						TestTargetID = BE003094297F59B700A0896C;
					};
					BE0030AE297F59BA00A0896C = {
						CreatedOnToolsVersion = 14.2;
						TestTargetID = BE003094297F59B700A0896C;
					};
					BE19395F297F6ED600E20C9D = {
						CreatedOnToolsVersion = 14.2;
					};
				};
			};
			buildConfigurationList = BE003090297F59B700A0896C /* Build configuration list for PBXProject "WeatherApp" */;
			compatibilityVersion = "Xcode 14.0";
			developmentRegion = en;
			hasScannedForEncodings = 0;
			knownRegions = (
				en,
				Base,
			);
			mainGroup = BE00308C297F59B700A0896C;
			productRefGroup = BE003096297F59B700A0896C /* Products */;
			projectDirPath = "";
			projectRoot = "";
			targets = (
				BE003094297F59B700A0896C /* WeatherApp */,
				BE0030A4297F59BA00A0896C /* WeatherAppTests */,
				BE0030AE297F59BA00A0896C /* WeatherAppUITests */,
				BE19395F297F6ED600E20C9D /* WeatherWidgetExtension */,
			);
		};
/* End PBXProject section */

/* Begin PBXResourcesBuildPhase section */
		BE003093297F59B700A0896C /* Resources */ = {
			isa = PBXResourcesBuildPhase;
			buildActionMask = 2147483647;
			files = (
				BEA91C932984E47300A7A939 /* config.plist in Resources */,
				BE6F11AC2984AB57001A0C4D /* SnowFall.sks in Resources */,
				0F881CE32B9D380800A2B3C0 /* Launch Screen.storyboard in Resources */,
				BEEB4C1D2985D188006C207A /* Cloud.sks in Resources */,
				BE0030A0297F59B900A0896C /* Preview Assets.xcassets in Resources */,
				BE00309D297F59B900A0896C /* Assets.xcassets in Resources */,
				BE6F11AA2984A5BF001A0C4D /* Assets.xcassets in Resources */,
				BEEB4C1B2985D0AB006C207A /* RainFall.sks in Resources */,
			);
			runOnlyForDeploymentPostprocessing = 0;
		};
		BE0030A3297F59BA00A0896C /* Resources */ = {
			isa = PBXResourcesBuildPhase;
			buildActionMask = 2147483647;
			files = (
			);
			runOnlyForDeploymentPostprocessing = 0;
		};
		BE0030AD297F59BA00A0896C /* Resources */ = {
			isa = PBXResourcesBuildPhase;
			buildActionMask = 2147483647;
			files = (
			);
			runOnlyForDeploymentPostprocessing = 0;
		};
		BE19395E297F6ED600E20C9D /* Resources */ = {
			isa = PBXResourcesBuildPhase;
			buildActionMask = 2147483647;
			files = (
				BE7838EE2A73952F00A90BE0 /* config.plist in Resources */,
				BE19396F297F6ED800E20C9D /* Assets.xcassets in Resources */,
			);
			runOnlyForDeploymentPostprocessing = 0;
		};
/* End PBXResourcesBuildPhase section */

/* Begin PBXSourcesBuildPhase section */
		BE003091297F59B700A0896C /* Sources */ = {
			isa = PBXSourcesBuildPhase;
			buildActionMask = 2147483647;
			files = (
				BE193940297F61F300E20C9D /* WeatherDataService.swift in Sources */,
				0FAF610A2B3283AD00D8E59F /* CustomErrors.swift in Sources */,
				BE193972297F6ED800E20C9D /* WeatherWidget.intentdefinition in Sources */,
				BED490D429848F7200C2BB49 /* CurrentWeatherModel.swift in Sources */,
				0F853F462B928CA700A2A275 /* TextStylingBarView.swift in Sources */,
				0F853F502B929A5700A2A275 /* PhotoContentView.swift in Sources */,
				0F853F4A2B92992100A2A275 /* InitialImageView.swift in Sources */,
				BE193933297F5D5C00E20C9D /* SkyImageView.swift in Sources */,
				0F2AC1B12B3DFEBF00C4E92D /* PhotoGalleryViewModel.swift in Sources */,
				BED490D229848EDE00C2BB49 /* ConditionModel.swift in Sources */,
				BE00309B297F59B700A0896C /* ContentView.swift in Sources */,
				0F853F4E2B929A0D00A2A275 /* SliderRow.swift in Sources */,
				BEA91C952984E79100A7A939 /* Helper.swift in Sources */,
				BE003099297F59B700A0896C /* WeatherAppApp.swift in Sources */,
				BE193943297F627300E20C9D /* ListOfCitiesView.swift in Sources */,
				0F2AC1AF2B3DFE4600C4E92D /* PhotoGalleryDataManager.swift in Sources */,
				0F853F422B928B1C00A2A275 /* TextAnnotationOverlayView.swift in Sources */,
				BE86AE952980E8B200652BB5 /* LocationManager.swift in Sources */,
				BE19393D297F618900E20C9D /* Int+Extension.swift in Sources */,
				BECD310B29933143003BAC67 /* CustomTextBox.swift in Sources */,
				BED490D029848C1600C2BB49 /* LocationModel.swift in Sources */,
				BE193947297F634800E20C9D /* ContactUsView.swift in Sources */,
				BEEB4C222986066A006C207A /* CloudScene.swift in Sources */,
				BE19392C297F5B7900E20C9D /* WeatherDetailView.swift in Sources */,
				BEEB4C26298606F4006C207A /* RainFallScene.swift in Sources */,
				BE19394D297F649E00E20C9D /* PhotoDetailView.swift in Sources */,
				BECD3109299329E4003BAC67 /* CanvasView.swift in Sources */,
				BE19393B297F616100E20C9D /* Date+Extension.swift in Sources */,
				0F853F442B928C2400A2A275 /* TextInputOverlay.swift in Sources */,
				0F853F482B928F6900A2A275 /* ToolBarContentView.swift in Sources */,
				0F84085B2B91107B003CEA19 /* SettingsButtonView.swift in Sources */,
				BECD310729932929003BAC67 /* PhotoDetailVM.swift in Sources */,
				BE193945297F630500E20C9D /* SettingsView.swift in Sources */,
				0F853F4C2B9299C700A2A275 /* FilteredImageView.swift in Sources */,
				BEEB4C24298606BB006C207A /* SnowFallScene.swift in Sources */,
				BE193936297F5F6D00E20C9D /* WeatherModel.swift in Sources */,
				BE19394B297F641500E20C9D /* PhotoGalleryView.swift in Sources */,
				0F4465282B9AC80F0071AC84 /* StyledNavigationLink.swift in Sources */,
				BEF1F2BE299C6099007661E5 /* WeatherMapView.swift in Sources */,
				BE19397C297F95D300E20C9D /* WeatherWidgetLiveActivity.swift in Sources */,
				BE19392A297F5B4E00E20C9D /* WeatherDetailVM.swift in Sources */,
				BE193949297F639E00E20C9D /* ContactUsVM.swift in Sources */,
				0F8408572B910FD1003CEA19 /* ProgressView.swift in Sources */,
			);
			runOnlyForDeploymentPostprocessing = 0;
		};
		BE0030A1297F59BA00A0896C /* Sources */ = {
			isa = PBXSourcesBuildPhase;
			buildActionMask = 2147483647;
			files = (
				0FAF610C2B3283E900D8E59F /* CustomErrors.swift in Sources */,
				BE193954297F665900E20C9D /* WeatherApiTests.swift in Sources */,
				BE193955297F665900E20C9D /* WeatherNetwrokTechAssessmentTests.swift in Sources */,
				BE193957297F665900E20C9D /* WeatherModelTests.swift in Sources */,
				BE0030AA297F59BA00A0896C /* WeatherAppTests.swift in Sources */,
				BE193953297F665900E20C9D /* ContactUsViewModelTests.swift in Sources */,
				BE193956297F665900E20C9D /* WeatherViewModelTests.swift in Sources */,
			);
			runOnlyForDeploymentPostprocessing = 0;
		};
		BE0030AB297F59BA00A0896C /* Sources */ = {
			isa = PBXSourcesBuildPhase;
			buildActionMask = 2147483647;
			files = (
				BE0030B4297F59BA00A0896C /* WeatherAppUITests.swift in Sources */,
			);
			runOnlyForDeploymentPostprocessing = 0;
		};
		BE19395C297F6ED600E20C9D /* Sources */ = {
			isa = PBXSourcesBuildPhase;
			buildActionMask = 2147483647;
			files = (
				BE7838E92A738D3400A90BE0 /* Int+Extension.swift in Sources */,
				0FAF610B2B3283E400D8E59F /* CustomErrors.swift in Sources */,
				0F0F18C72A7441A600EA2216 /* LocationManager.swift in Sources */,
				BE193968297F6ED600E20C9D /* WeatherWidgetBundle.swift in Sources */,
				BE7838DA2A738AC900A90BE0 /* WeatherDataService.swift in Sources */,
				BE19396A297F6ED600E20C9D /* WeatherWidgetLiveActivity.swift in Sources */,
				BE7838E62A738CBC00A90BE0 /* TimelineEntry.swift in Sources */,
				BE19396C297F6ED600E20C9D /* WeatherWidget.swift in Sources */,
				BE7838EA2A738F7D00A90BE0 /* WeatherDetailVM.swift in Sources */,
				BE7838DB2A738B3200A90BE0 /* WeatherModel.swift in Sources */,
				BE7838DC2A738B3700A90BE0 /* LocationModel.swift in Sources */,
				BE193971297F6ED800E20C9D /* WeatherWidget.intentdefinition in Sources */,
				BE7838E42A738C3D00A90BE0 /* Provider.swift in Sources */,
				BE7838DD2A738B3A00A90BE0 /* ConditionModel.swift in Sources */,
				BE7838E72A738D1500A90BE0 /* Helper.swift in Sources */,
				BE7838E82A738D2A00A90BE0 /* Date+Extension.swift in Sources */,
				BE7838E12A738BC000A90BE0 /* WeatherWidgetEntryView.swift in Sources */,
				0FA4A05E2B9E48BF00699175 /* WidgetLocationManager.swift in Sources */,
				BE7838DE2A738B3D00A90BE0 /* CurrentWeatherModel.swift in Sources */,
			);
			runOnlyForDeploymentPostprocessing = 0;
		};
/* End PBXSourcesBuildPhase section */

/* Begin PBXTargetDependency section */
		BE0030A7297F59BA00A0896C /* PBXTargetDependency */ = {
			isa = PBXTargetDependency;
			target = BE003094297F59B700A0896C /* WeatherApp */;
			targetProxy = BE0030A6297F59BA00A0896C /* PBXContainerItemProxy */;
		};
		BE0030B1297F59BA00A0896C /* PBXTargetDependency */ = {
			isa = PBXTargetDependency;
			target = BE003094297F59B700A0896C /* WeatherApp */;
			targetProxy = BE0030B0297F59BA00A0896C /* PBXContainerItemProxy */;
		};
		BE193974297F6ED800E20C9D /* PBXTargetDependency */ = {
			isa = PBXTargetDependency;
			target = BE19395F297F6ED600E20C9D /* WeatherWidgetExtension */;
			targetProxy = BE193973297F6ED800E20C9D /* PBXContainerItemProxy */;
		};
/* End PBXTargetDependency section */

/* Begin XCBuildConfiguration section */
		BE0030B7297F59BA00A0896C /* Debug */ = {
			isa = XCBuildConfiguration;
			buildSettings = {
				ALWAYS_SEARCH_USER_PATHS = NO;
				ASSETCATALOG_COMPILER_GENERATE_SWIFT_ASSET_SYMBOL_EXTENSIONS = YES;
				CLANG_ANALYZER_NONNULL = YES;
				CLANG_ANALYZER_NUMBER_OBJECT_CONVERSION = YES_AGGRESSIVE;
				CLANG_CXX_LANGUAGE_STANDARD = "gnu++20";
				CLANG_ENABLE_MODULES = YES;
				CLANG_ENABLE_OBJC_ARC = YES;
				CLANG_ENABLE_OBJC_WEAK = YES;
				CLANG_WARN_BLOCK_CAPTURE_AUTORELEASING = YES;
				CLANG_WARN_BOOL_CONVERSION = YES;
				CLANG_WARN_COMMA = YES;
				CLANG_WARN_CONSTANT_CONVERSION = YES;
				CLANG_WARN_DEPRECATED_OBJC_IMPLEMENTATIONS = YES;
				CLANG_WARN_DIRECT_OBJC_ISA_USAGE = YES_ERROR;
				CLANG_WARN_DOCUMENTATION_COMMENTS = YES;
				CLANG_WARN_EMPTY_BODY = YES;
				CLANG_WARN_ENUM_CONVERSION = YES;
				CLANG_WARN_INFINITE_RECURSION = YES;
				CLANG_WARN_INT_CONVERSION = YES;
				CLANG_WARN_NON_LITERAL_NULL_CONVERSION = YES;
				CLANG_WARN_OBJC_IMPLICIT_RETAIN_SELF = YES;
				CLANG_WARN_OBJC_LITERAL_CONVERSION = YES;
				CLANG_WARN_OBJC_ROOT_CLASS = YES_ERROR;
				CLANG_WARN_QUOTED_INCLUDE_IN_FRAMEWORK_HEADER = YES;
				CLANG_WARN_RANGE_LOOP_ANALYSIS = YES;
				CLANG_WARN_STRICT_PROTOTYPES = YES;
				CLANG_WARN_SUSPICIOUS_MOVE = YES;
				CLANG_WARN_UNGUARDED_AVAILABILITY = YES_AGGRESSIVE;
				CLANG_WARN_UNREACHABLE_CODE = YES;
				CLANG_WARN__DUPLICATE_METHOD_MATCH = YES;
				COPY_PHASE_STRIP = NO;
				DEBUG_INFORMATION_FORMAT = dwarf;
				ENABLE_STRICT_OBJC_MSGSEND = YES;
				ENABLE_TESTABILITY = YES;
				ENABLE_USER_SCRIPT_SANDBOXING = YES;
				GCC_C_LANGUAGE_STANDARD = gnu11;
				GCC_DYNAMIC_NO_PIC = NO;
				GCC_NO_COMMON_BLOCKS = YES;
				GCC_OPTIMIZATION_LEVEL = 0;
				GCC_PREPROCESSOR_DEFINITIONS = (
					"DEBUG=1",
					"$(inherited)",
				);
				GCC_WARN_64_TO_32_BIT_CONVERSION = YES;
				GCC_WARN_ABOUT_RETURN_TYPE = YES_ERROR;
				GCC_WARN_UNDECLARED_SELECTOR = YES;
				GCC_WARN_UNINITIALIZED_AUTOS = YES_AGGRESSIVE;
				GCC_WARN_UNUSED_FUNCTION = YES;
				GCC_WARN_UNUSED_VARIABLE = YES;
				IPHONEOS_DEPLOYMENT_TARGET = 16.2;
				MTL_ENABLE_DEBUG_INFO = INCLUDE_SOURCE;
				MTL_FAST_MATH = YES;
				ONLY_ACTIVE_ARCH = YES;
				SDKROOT = iphoneos;
				SWIFT_ACTIVE_COMPILATION_CONDITIONS = DEBUG;
				SWIFT_OPTIMIZATION_LEVEL = "-Onone";
			};
			name = Debug;
		};
		BE0030B8297F59BA00A0896C /* Release */ = {
			isa = XCBuildConfiguration;
			buildSettings = {
				ALWAYS_SEARCH_USER_PATHS = NO;
				ASSETCATALOG_COMPILER_GENERATE_SWIFT_ASSET_SYMBOL_EXTENSIONS = YES;
				CLANG_ANALYZER_NONNULL = YES;
				CLANG_ANALYZER_NUMBER_OBJECT_CONVERSION = YES_AGGRESSIVE;
				CLANG_CXX_LANGUAGE_STANDARD = "gnu++20";
				CLANG_ENABLE_MODULES = YES;
				CLANG_ENABLE_OBJC_ARC = YES;
				CLANG_ENABLE_OBJC_WEAK = YES;
				CLANG_WARN_BLOCK_CAPTURE_AUTORELEASING = YES;
				CLANG_WARN_BOOL_CONVERSION = YES;
				CLANG_WARN_COMMA = YES;
				CLANG_WARN_CONSTANT_CONVERSION = YES;
				CLANG_WARN_DEPRECATED_OBJC_IMPLEMENTATIONS = YES;
				CLANG_WARN_DIRECT_OBJC_ISA_USAGE = YES_ERROR;
				CLANG_WARN_DOCUMENTATION_COMMENTS = YES;
				CLANG_WARN_EMPTY_BODY = YES;
				CLANG_WARN_ENUM_CONVERSION = YES;
				CLANG_WARN_INFINITE_RECURSION = YES;
				CLANG_WARN_INT_CONVERSION = YES;
				CLANG_WARN_NON_LITERAL_NULL_CONVERSION = YES;
				CLANG_WARN_OBJC_IMPLICIT_RETAIN_SELF = YES;
				CLANG_WARN_OBJC_LITERAL_CONVERSION = YES;
				CLANG_WARN_OBJC_ROOT_CLASS = YES_ERROR;
				CLANG_WARN_QUOTED_INCLUDE_IN_FRAMEWORK_HEADER = YES;
				CLANG_WARN_RANGE_LOOP_ANALYSIS = YES;
				CLANG_WARN_STRICT_PROTOTYPES = YES;
				CLANG_WARN_SUSPICIOUS_MOVE = YES;
				CLANG_WARN_UNGUARDED_AVAILABILITY = YES_AGGRESSIVE;
				CLANG_WARN_UNREACHABLE_CODE = YES;
				CLANG_WARN__DUPLICATE_METHOD_MATCH = YES;
				COPY_PHASE_STRIP = NO;
				DEBUG_INFORMATION_FORMAT = "dwarf-with-dsym";
				ENABLE_NS_ASSERTIONS = NO;
				ENABLE_STRICT_OBJC_MSGSEND = YES;
				ENABLE_USER_SCRIPT_SANDBOXING = YES;
				GCC_C_LANGUAGE_STANDARD = gnu11;
				GCC_NO_COMMON_BLOCKS = YES;
				GCC_WARN_64_TO_32_BIT_CONVERSION = YES;
				GCC_WARN_ABOUT_RETURN_TYPE = YES_ERROR;
				GCC_WARN_UNDECLARED_SELECTOR = YES;
				GCC_WARN_UNINITIALIZED_AUTOS = YES_AGGRESSIVE;
				GCC_WARN_UNUSED_FUNCTION = YES;
				GCC_WARN_UNUSED_VARIABLE = YES;
				IPHONEOS_DEPLOYMENT_TARGET = 16.2;
				MTL_ENABLE_DEBUG_INFO = NO;
				MTL_FAST_MATH = YES;
				SDKROOT = iphoneos;
				SWIFT_COMPILATION_MODE = wholemodule;
				SWIFT_OPTIMIZATION_LEVEL = "-O";
				VALIDATE_PRODUCT = YES;
			};
			name = Release;
		};
		BE0030BA297F59BA00A0896C /* Debug */ = {
			isa = XCBuildConfiguration;
			buildSettings = {
				ALWAYS_EMBED_SWIFT_STANDARD_LIBRARIES = YES;
				ASSETCATALOG_COMPILER_APPICON_NAME = AppIcon;
				ASSETCATALOG_COMPILER_GLOBAL_ACCENT_COLOR_NAME = AccentColor;
				CODE_SIGN_STYLE = Automatic;
				CURRENT_PROJECT_VERSION = 1;
				DEVELOPMENT_ASSET_PATHS = "WeatherApp/SupportingFiles/Preview\\ Content";
				DEVELOPMENT_TEAM = S5C52P9PGP;
				ENABLE_PREVIEWS = YES;
				GENERATE_INFOPLIST_FILE = YES;
				INFOPLIST_FILE = WeatherApp/Info.plist;
				INFOPLIST_KEY_NSCameraUsageDescription = "";
				INFOPLIST_KEY_NSLocationAlwaysAndWhenInUseUsageDescription = "";
				INFOPLIST_KEY_NSLocationAlwaysUsageDescription = "Allow us to fetch your location to provide you your citi's weather.";
				INFOPLIST_KEY_NSLocationUsageDescription = "Allow us to fetch your location to provide you your citi's weather.";
				INFOPLIST_KEY_NSLocationWhenInUseUsageDescription = "";
				INFOPLIST_KEY_NSPhotoLibraryUsageDescription = "";
				INFOPLIST_KEY_UIApplicationSceneManifest_Generation = YES;
				INFOPLIST_KEY_UIApplicationSupportsIndirectInputEvents = YES;
				INFOPLIST_KEY_UILaunchScreen_Generation = YES;
				INFOPLIST_KEY_UILaunchStoryboardName = "Launch Screen.storyboard";
				INFOPLIST_KEY_UISupportedInterfaceOrientations_iPad = "UIInterfaceOrientationPortrait UIInterfaceOrientationPortraitUpsideDown UIInterfaceOrientationLandscapeLeft UIInterfaceOrientationLandscapeRight";
				INFOPLIST_KEY_UISupportedInterfaceOrientations_iPhone = "UIInterfaceOrientationPortrait UIInterfaceOrientationLandscapeLeft UIInterfaceOrientationLandscapeRight";
				IPHONEOS_DEPLOYMENT_TARGET = 17.2;
				LD_RUNPATH_SEARCH_PATHS = (
					"$(inherited)",
					"@executable_path/Frameworks",
				);
				MARKETING_VERSION = 1.0;
				PRODUCT_BUNDLE_IDENTIFIER = com.apiOSdev.WeatherApp;
				PRODUCT_NAME = "$(TARGET_NAME)";
				SWIFT_EMIT_LOC_STRINGS = YES;
				SWIFT_VERSION = 5.0;
				TARGETED_DEVICE_FAMILY = "1,2";
			};
			name = Debug;
		};
		BE0030BB297F59BA00A0896C /* Release */ = {
			isa = XCBuildConfiguration;
			buildSettings = {
				ALWAYS_EMBED_SWIFT_STANDARD_LIBRARIES = YES;
				ASSETCATALOG_COMPILER_APPICON_NAME = AppIcon;
				ASSETCATALOG_COMPILER_GLOBAL_ACCENT_COLOR_NAME = AccentColor;
				CODE_SIGN_STYLE = Automatic;
				CURRENT_PROJECT_VERSION = 1;
				DEVELOPMENT_ASSET_PATHS = "WeatherApp/SupportingFiles/Preview\\ Content";
				DEVELOPMENT_TEAM = S5C52P9PGP;
				ENABLE_PREVIEWS = YES;
				GENERATE_INFOPLIST_FILE = YES;
				INFOPLIST_FILE = WeatherApp/Info.plist;
				INFOPLIST_KEY_NSCameraUsageDescription = "";
				INFOPLIST_KEY_NSLocationAlwaysAndWhenInUseUsageDescription = "";
				INFOPLIST_KEY_NSLocationAlwaysUsageDescription = "Allow us to fetch your location to provide you your citi's weather.";
				INFOPLIST_KEY_NSLocationUsageDescription = "Allow us to fetch your location to provide you your citi's weather.";
				INFOPLIST_KEY_NSLocationWhenInUseUsageDescription = "";
				INFOPLIST_KEY_NSPhotoLibraryUsageDescription = "";
				INFOPLIST_KEY_UIApplicationSceneManifest_Generation = YES;
				INFOPLIST_KEY_UIApplicationSupportsIndirectInputEvents = YES;
				INFOPLIST_KEY_UILaunchScreen_Generation = YES;
				INFOPLIST_KEY_UILaunchStoryboardName = "Launch Screen.storyboard";
				INFOPLIST_KEY_UISupportedInterfaceOrientations_iPad = "UIInterfaceOrientationPortrait UIInterfaceOrientationPortraitUpsideDown UIInterfaceOrientationLandscapeLeft UIInterfaceOrientationLandscapeRight";
				INFOPLIST_KEY_UISupportedInterfaceOrientations_iPhone = "UIInterfaceOrientationPortrait UIInterfaceOrientationLandscapeLeft UIInterfaceOrientationLandscapeRight";
				IPHONEOS_DEPLOYMENT_TARGET = 17.2;
				LD_RUNPATH_SEARCH_PATHS = (
					"$(inherited)",
					"@executable_path/Frameworks",
				);
				MARKETING_VERSION = 1.0;
				PRODUCT_BUNDLE_IDENTIFIER = com.apiOSdev.WeatherApp;
				PRODUCT_NAME = "$(TARGET_NAME)";
				SWIFT_EMIT_LOC_STRINGS = YES;
				SWIFT_VERSION = 5.0;
				TARGETED_DEVICE_FAMILY = "1,2";
			};
			name = Release;
		};
		BE0030BD297F59BA00A0896C /* Debug */ = {
			isa = XCBuildConfiguration;
			buildSettings = {
				ALWAYS_EMBED_SWIFT_STANDARD_LIBRARIES = YES;
				BUNDLE_LOADER = "$(TEST_HOST)";
				CODE_SIGN_STYLE = Automatic;
				CURRENT_PROJECT_VERSION = 1;
				DEVELOPMENT_TEAM = S5C52P9PGP;
				GENERATE_INFOPLIST_FILE = YES;
				IPHONEOS_DEPLOYMENT_TARGET = 17.2;
				MARKETING_VERSION = 1.0;
				PRODUCT_BUNDLE_IDENTIFIER = com.apiOSdev.WeatherAppTests;
				PRODUCT_NAME = "$(TARGET_NAME)";
				SWIFT_EMIT_LOC_STRINGS = NO;
				SWIFT_VERSION = 5.0;
				TARGETED_DEVICE_FAMILY = "1,2";
				TEST_HOST = "$(BUILT_PRODUCTS_DIR)/WeatherApp.app/$(BUNDLE_EXECUTABLE_FOLDER_PATH)/WeatherApp";
			};
			name = Debug;
		};
		BE0030BE297F59BA00A0896C /* Release */ = {
			isa = XCBuildConfiguration;
			buildSettings = {
				ALWAYS_EMBED_SWIFT_STANDARD_LIBRARIES = YES;
				BUNDLE_LOADER = "$(TEST_HOST)";
				CODE_SIGN_STYLE = Automatic;
				CURRENT_PROJECT_VERSION = 1;
				DEVELOPMENT_TEAM = S5C52P9PGP;
				GENERATE_INFOPLIST_FILE = YES;
				IPHONEOS_DEPLOYMENT_TARGET = 17.2;
				MARKETING_VERSION = 1.0;
				PRODUCT_BUNDLE_IDENTIFIER = com.apiOSdev.WeatherAppTests;
				PRODUCT_NAME = "$(TARGET_NAME)";
				SWIFT_EMIT_LOC_STRINGS = NO;
				SWIFT_VERSION = 5.0;
				TARGETED_DEVICE_FAMILY = "1,2";
				TEST_HOST = "$(BUILT_PRODUCTS_DIR)/WeatherApp.app/$(BUNDLE_EXECUTABLE_FOLDER_PATH)/WeatherApp";
			};
			name = Release;
		};
		BE0030C0297F59BA00A0896C /* Debug */ = {
			isa = XCBuildConfiguration;
			buildSettings = {
				ALWAYS_EMBED_SWIFT_STANDARD_LIBRARIES = YES;
				CODE_SIGN_STYLE = Automatic;
				CURRENT_PROJECT_VERSION = 1;
				DEVELOPMENT_TEAM = S5C52P9PGP;
				GENERATE_INFOPLIST_FILE = YES;
				IPHONEOS_DEPLOYMENT_TARGET = 17.2;
				MARKETING_VERSION = 1.0;
				PRODUCT_BUNDLE_IDENTIFIER = com.apiOSdev.WeatherAppUITests;
				PRODUCT_NAME = "$(TARGET_NAME)";
				SWIFT_EMIT_LOC_STRINGS = NO;
				SWIFT_VERSION = 5.0;
				TARGETED_DEVICE_FAMILY = "1,2";
				TEST_TARGET_NAME = WeatherApp;
			};
			name = Debug;
		};
		BE0030C1297F59BA00A0896C /* Release */ = {
			isa = XCBuildConfiguration;
			buildSettings = {
				ALWAYS_EMBED_SWIFT_STANDARD_LIBRARIES = YES;
				CODE_SIGN_STYLE = Automatic;
				CURRENT_PROJECT_VERSION = 1;
				DEVELOPMENT_TEAM = S5C52P9PGP;
				GENERATE_INFOPLIST_FILE = YES;
				IPHONEOS_DEPLOYMENT_TARGET = 17.2;
				MARKETING_VERSION = 1.0;
				PRODUCT_BUNDLE_IDENTIFIER = com.apiOSdev.WeatherAppUITests;
				PRODUCT_NAME = "$(TARGET_NAME)";
				SWIFT_EMIT_LOC_STRINGS = NO;
				SWIFT_VERSION = 5.0;
				TARGETED_DEVICE_FAMILY = "1,2";
				TEST_TARGET_NAME = WeatherApp;
			};
			name = Release;
		};
		BE193977297F6ED800E20C9D /* Debug */ = {
			isa = XCBuildConfiguration;
			buildSettings = {
				ASSETCATALOG_COMPILER_GLOBAL_ACCENT_COLOR_NAME = AccentColor;
				ASSETCATALOG_COMPILER_WIDGET_BACKGROUND_COLOR_NAME = WidgetBackground;
				CODE_SIGN_STYLE = Automatic;
				CURRENT_PROJECT_VERSION = 1;
				DEVELOPMENT_TEAM = S5C52P9PGP;
				GENERATE_INFOPLIST_FILE = YES;
				INFOPLIST_FILE = WeatherWidget/Info.plist;
				INFOPLIST_KEY_CFBundleDisplayName = WeatherWidget;
				INFOPLIST_KEY_LSApplicationCategoryType = "";
				INFOPLIST_KEY_NSHumanReadableCopyright = "";
				INFOPLIST_KEY_NSLocationAlwaysAndWhenInUseUsageDescription = "Allow us to fetch your location to provide you your citi's weather.";
				INFOPLIST_KEY_NSLocationUsageDescription = "Allow us to fetch your location to provide you your citi's weather.";
				INFOPLIST_KEY_NSLocationWhenInUseUsageDescription = "";
				IPHONEOS_DEPLOYMENT_TARGET = 17.2;
				LD_RUNPATH_SEARCH_PATHS = (
					"$(inherited)",
					"@executable_path/Frameworks",
					"@executable_path/../../Frameworks",
				);
				MARKETING_VERSION = 1.0;
				PRODUCT_BUNDLE_IDENTIFIER = com.apiOSdev.WeatherApp.WeatherWidget;
				PRODUCT_NAME = "$(TARGET_NAME)";
				SKIP_INSTALL = YES;
				SWIFT_EMIT_LOC_STRINGS = YES;
				SWIFT_VERSION = 5.0;
				TARGETED_DEVICE_FAMILY = "1,2";
			};
			name = Debug;
		};
		BE193978297F6ED800E20C9D /* Release */ = {
			isa = XCBuildConfiguration;
			buildSettings = {
				ASSETCATALOG_COMPILER_GLOBAL_ACCENT_COLOR_NAME = AccentColor;
				ASSETCATALOG_COMPILER_WIDGET_BACKGROUND_COLOR_NAME = WidgetBackground;
				CODE_SIGN_STYLE = Automatic;
				CURRENT_PROJECT_VERSION = 1;
				DEVELOPMENT_TEAM = S5C52P9PGP;
				GENERATE_INFOPLIST_FILE = YES;
				INFOPLIST_FILE = WeatherWidget/Info.plist;
				INFOPLIST_KEY_CFBundleDisplayName = WeatherWidget;
				INFOPLIST_KEY_LSApplicationCategoryType = "";
				INFOPLIST_KEY_NSHumanReadableCopyright = "";
				INFOPLIST_KEY_NSLocationAlwaysAndWhenInUseUsageDescription = "Allow us to fetch your location to provide you your citi's weather.";
				INFOPLIST_KEY_NSLocationUsageDescription = "Allow us to fetch your location to provide you your citi's weather.";
				INFOPLIST_KEY_NSLocationWhenInUseUsageDescription = "";
				IPHONEOS_DEPLOYMENT_TARGET = 17.2;
				LD_RUNPATH_SEARCH_PATHS = (
					"$(inherited)",
					"@executable_path/Frameworks",
					"@executable_path/../../Frameworks",
				);
				MARKETING_VERSION = 1.0;
				PRODUCT_BUNDLE_IDENTIFIER = com.apiOSdev.WeatherApp.WeatherWidget;
				PRODUCT_NAME = "$(TARGET_NAME)";
				SKIP_INSTALL = YES;
				SWIFT_EMIT_LOC_STRINGS = YES;
				SWIFT_VERSION = 5.0;
				TARGETED_DEVICE_FAMILY = "1,2";
			};
			name = Release;
		};
/* End XCBuildConfiguration section */

/* Begin XCConfigurationList section */
		BE003090297F59B700A0896C /* Build configuration list for PBXProject "WeatherApp" */ = {
			isa = XCConfigurationList;
			buildConfigurations = (
				BE0030B7297F59BA00A0896C /* Debug */,
				BE0030B8297F59BA00A0896C /* Release */,
			);
			defaultConfigurationIsVisible = 0;
			defaultConfigurationName = Release;
		};
		BE0030B9297F59BA00A0896C /* Build configuration list for PBXNativeTarget "WeatherApp" */ = {
			isa = XCConfigurationList;
			buildConfigurations = (
				BE0030BA297F59BA00A0896C /* Debug */,
				BE0030BB297F59BA00A0896C /* Release */,
			);
			defaultConfigurationIsVisible = 0;
			defaultConfigurationName = Release;
		};
		BE0030BC297F59BA00A0896C /* Build configuration list for PBXNativeTarget "WeatherAppTests" */ = {
			isa = XCConfigurationList;
			buildConfigurations = (
				BE0030BD297F59BA00A0896C /* Debug */,
				BE0030BE297F59BA00A0896C /* Release */,
			);
			defaultConfigurationIsVisible = 0;
			defaultConfigurationName = Release;
		};
		BE0030BF297F59BA00A0896C /* Build configuration list for PBXNativeTarget "WeatherAppUITests" */ = {
			isa = XCConfigurationList;
			buildConfigurations = (
				BE0030C0297F59BA00A0896C /* Debug */,
				BE0030C1297F59BA00A0896C /* Release */,
			);
			defaultConfigurationIsVisible = 0;
			defaultConfigurationName = Release;
		};
		BE193976297F6ED800E20C9D /* Build configuration list for PBXNativeTarget "WeatherWidgetExtension" */ = {
			isa = XCConfigurationList;
			buildConfigurations = (
				BE193977297F6ED800E20C9D /* Debug */,
				BE193978297F6ED800E20C9D /* Release */,
			);
			defaultConfigurationIsVisible = 0;
			defaultConfigurationName = Release;
		};
/* End XCConfigurationList section */
	};
	rootObject = BE00308D297F59B700A0896C /* Project object */;
}
